
Microsoft Visual Studio Solution File, Format Version 12.00
# Visual Studio 15
VisualStudioVersion = 15.0.27428.2043
MinimumVisualStudioVersion = 10.0.40219.1
Project("{FAE04EC0-301F-11D3-BF4B-00C04F79EFBC}") = "devdap-dsdrone", "devdap-dsdrone\devdap-dsdrone.csproj", "{A2DE7EC9-75BC-4892-B36B-67BE3535ADAE}"
EndProject
Global
	GlobalSection(SolutionConfigurationPlatforms) = preSolution
		Debug|Any CPU = Debug|Any CPU
		Release|Any CPU = Release|Any CPU
	EndGlobalSection
	GlobalSection(ProjectConfigurationPlatforms) = postSolution
		{A2DE7EC9-75BC-4892-B36B-67BE3535ADAE}.Debug|Any CPU.ActiveCfg = Debug|Any CPU
		{A2DE7EC9-75BC-4892-B36B-67BE3535ADAE}.Debug|Any CPU.Build.0 = Debug|Any CPU
		{A2DE7EC9-75BC-4892-B36B-67BE3535ADAE}.Release|Any CPU.ActiveCfg = Release|Any CPU
		{A2DE7EC9-75BC-4892-B36B-67BE3535ADAE}.Release|Any CPU.Build.0 = Release|Any CPU
	EndGlobalSection
	GlobalSection(SolutionProperties) = preSolution
		HideSolutionNode = FALSE
	EndGlobalSection
	GlobalSection(ExtensibilityGlobals) = postSolution
		SolutionGuid = {E11DE66F-2912-4911-951B-6C38CDD02305}
	EndGlobalSection
EndGlobal
